
Microsoft Visual Studio Solution File, Format Version 12.00
Project("{FAE04EC0-301F-11D3-BF4B-00C04F79EFBC}") = "LannBackdoor", "LannBackdoor\LannBackdoor.csproj", "{985E5DA7-48CD-4793-B9D3-F4D8124194CB}"
EndProject
Project("{FAE04EC0-301F-11D3-BF4B-00C04F79EFBC}") = "LannLogger", "LannLogger\LannLogger.csproj", "{49FB8533-43B9-41CD-8448-87E8FA23D4F0}"
EndProject
Project("{FAE04EC0-301F-11D3-BF4B-00C04F79EFBC}") = "Networking", "Networking\Networking.csproj", "{FDD2D9A0-10A5-4690-950C-81A840F2AE4D}"
EndProject
Project("{FAE04EC0-301F-11D3-BF4B-00C04F79EFBC}") = "LannUtils", "LannUtils\LannUtils.csproj", "{551EDC74-5F2D-488D-910A-278208633C68}"
EndProject
Project("{FAE04EC0-301F-11D3-BF4B-00C04F79EFBC}") = "LannConstants", "LannConstants\LannConstants.csproj", "{7CAEE536-F9FD-4DE1-B510-69A0C869E812}"
EndProject
Project("{FAE04EC0-301F-11D3-BF4B-00C04F79EFBC}") = "ModulesApi", "ModulesApi\ModulesApi.csproj", "{0141F193-6CD5-4491-A0AC-6C1DB087B88C}"
EndProject
Project("{2150E333-8FDC-42A3-9474-1A3956D46DE8}") = "BackdoorModules", "BackdoorModules", "{5D1C23E2-60D0-463F-9196-39F57C03B1DB}"
EndProject
Project("{FAE04EC0-301F-11D3-BF4B-00C04F79EFBC}") = "SystemModule", "SystemModule\SystemModule.csproj", "{C3390A53-7342-4328-9286-7CDECB5A63DB}"
EndProject
Project("{FAE04EC0-301F-11D3-BF4B-00C04F79EFBC}") = "ScreenModule", "ScreenModule\ScreenModule.csproj", "{9F37513E-62E2-4192-B514-7737531CB0D8}"
EndProject
Project("{FAE04EC0-301F-11D3-BF4B-00C04F79EFBC}") = "LannEvasion", "LannEvasion\LannEvasion.csproj", "{A733E124-3E78-4347-BE3E-E0163B905A6E}"
EndProject
Project("{2150E333-8FDC-42A3-9474-1A3956D46DE8}") = "Loader", "Loader", "{FC5BBF72-45AB-45BB-9632-45DEF32EE883}"
EndProject
Project("{FAE04EC0-301F-11D3-BF4B-00C04F79EFBC}") = "Utilities", "Utilities\Utilities.csproj", "{453153FD-44FB-4DF2-AEBB-A8F7377AD3E3}"
EndProject
Project("{FAE04EC0-301F-11D3-BF4B-00C04F79EFBC}") = "ShellModule", "ShellModule\ShellModule.csproj", "{0F293C60-F8F7-4329-A5F4-6C17E2A97DAE}"
EndProject
Global
	GlobalSection(SolutionConfigurationPlatforms) = preSolution
		Debug|Any CPU = Debug|Any CPU
		Release|Any CPU = Release|Any CPU
	EndGlobalSection
	GlobalSection(ProjectConfigurationPlatforms) = postSolution
		{985E5DA7-48CD-4793-B9D3-F4D8124194CB}.Debug|Any CPU.ActiveCfg = Debug|Any CPU
		{985E5DA7-48CD-4793-B9D3-F4D8124194CB}.Debug|Any CPU.Build.0 = Debug|Any CPU
		{985E5DA7-48CD-4793-B9D3-F4D8124194CB}.Release|Any CPU.ActiveCfg = Release|Any CPU
		{985E5DA7-48CD-4793-B9D3-F4D8124194CB}.Release|Any CPU.Build.0 = Release|Any CPU
		{49FB8533-43B9-41CD-8448-87E8FA23D4F0}.Debug|Any CPU.ActiveCfg = Debug|Any CPU
		{49FB8533-43B9-41CD-8448-87E8FA23D4F0}.Debug|Any CPU.Build.0 = Debug|Any CPU
		{49FB8533-43B9-41CD-8448-87E8FA23D4F0}.Release|Any CPU.ActiveCfg = Release|Any CPU
		{49FB8533-43B9-41CD-8448-87E8FA23D4F0}.Release|Any CPU.Build.0 = Release|Any CPU
		{FDD2D9A0-10A5-4690-950C-81A840F2AE4D}.Debug|Any CPU.ActiveCfg = Debug|Any CPU
		{FDD2D9A0-10A5-4690-950C-81A840F2AE4D}.Debug|Any CPU.Build.0 = Debug|Any CPU
		{FDD2D9A0-10A5-4690-950C-81A840F2AE4D}.Release|Any CPU.ActiveCfg = Release|Any CPU
		{FDD2D9A0-10A5-4690-950C-81A840F2AE4D}.Release|Any CPU.Build.0 = Release|Any CPU
		{551EDC74-5F2D-488D-910A-278208633C68}.Debug|Any CPU.ActiveCfg = Debug|Any CPU
		{551EDC74-5F2D-488D-910A-278208633C68}.Debug|Any CPU.Build.0 = Debug|Any CPU
		{551EDC74-5F2D-488D-910A-278208633C68}.Release|Any CPU.ActiveCfg = Release|Any CPU
		{551EDC74-5F2D-488D-910A-278208633C68}.Release|Any CPU.Build.0 = Release|Any CPU
		{7CAEE536-F9FD-4DE1-B510-69A0C869E812}.Debug|Any CPU.ActiveCfg = Debug|Any CPU
		{7CAEE536-F9FD-4DE1-B510-69A0C869E812}.Debug|Any CPU.Build.0 = Debug|Any CPU
		{7CAEE536-F9FD-4DE1-B510-69A0C869E812}.Release|Any CPU.ActiveCfg = Release|Any CPU
		{7CAEE536-F9FD-4DE1-B510-69A0C869E812}.Release|Any CPU.Build.0 = Release|Any CPU
		{0141F193-6CD5-4491-A0AC-6C1DB087B88C}.Debug|Any CPU.ActiveCfg = Debug|Any CPU
		{0141F193-6CD5-4491-A0AC-6C1DB087B88C}.Debug|Any CPU.Build.0 = Debug|Any CPU
		{0141F193-6CD5-4491-A0AC-6C1DB087B88C}.Release|Any CPU.ActiveCfg = Release|Any CPU
		{0141F193-6CD5-4491-A0AC-6C1DB087B88C}.Release|Any CPU.Build.0 = Release|Any CPU
		{C3390A53-7342-4328-9286-7CDECB5A63DB}.Debug|Any CPU.ActiveCfg = Debug|Any CPU
		{C3390A53-7342-4328-9286-7CDECB5A63DB}.Debug|Any CPU.Build.0 = Debug|Any CPU
		{C3390A53-7342-4328-9286-7CDECB5A63DB}.Release|Any CPU.ActiveCfg = Release|Any CPU
		{C3390A53-7342-4328-9286-7CDECB5A63DB}.Release|Any CPU.Build.0 = Release|Any CPU
		{9F37513E-62E2-4192-B514-7737531CB0D8}.Debug|Any CPU.ActiveCfg = Debug|Any CPU
		{9F37513E-62E2-4192-B514-7737531CB0D8}.Debug|Any CPU.Build.0 = Debug|Any CPU
		{9F37513E-62E2-4192-B514-7737531CB0D8}.Release|Any CPU.ActiveCfg = Release|Any CPU
		{9F37513E-62E2-4192-B514-7737531CB0D8}.Release|Any CPU.Build.0 = Release|Any CPU
		{A733E124-3E78-4347-BE3E-E0163B905A6E}.Debug|Any CPU.ActiveCfg = Debug|Any CPU
		{A733E124-3E78-4347-BE3E-E0163B905A6E}.Debug|Any CPU.Build.0 = Debug|Any CPU
		{A733E124-3E78-4347-BE3E-E0163B905A6E}.Release|Any CPU.ActiveCfg = Release|Any CPU
		{A733E124-3E78-4347-BE3E-E0163B905A6E}.Release|Any CPU.Build.0 = Release|Any CPU
		{453153FD-44FB-4DF2-AEBB-A8F7377AD3E3}.Debug|Any CPU.ActiveCfg = Debug|Any CPU
		{453153FD-44FB-4DF2-AEBB-A8F7377AD3E3}.Debug|Any CPU.Build.0 = Debug|Any CPU
		{453153FD-44FB-4DF2-AEBB-A8F7377AD3E3}.Release|Any CPU.ActiveCfg = Release|Any CPU
		{453153FD-44FB-4DF2-AEBB-A8F7377AD3E3}.Release|Any CPU.Build.0 = Release|Any CPU
		{0F293C60-F8F7-4329-A5F4-6C17E2A97DAE}.Debug|Any CPU.ActiveCfg = Debug|Any CPU
		{0F293C60-F8F7-4329-A5F4-6C17E2A97DAE}.Debug|Any CPU.Build.0 = Debug|Any CPU
		{0F293C60-F8F7-4329-A5F4-6C17E2A97DAE}.Release|Any CPU.ActiveCfg = Release|Any CPU
		{0F293C60-F8F7-4329-A5F4-6C17E2A97DAE}.Release|Any CPU.Build.0 = Release|Any CPU
	EndGlobalSection
	GlobalSection(NestedProjects) = preSolution
		{C3390A53-7342-4328-9286-7CDECB5A63DB} = {5D1C23E2-60D0-463F-9196-39F57C03B1DB}
		{9F37513E-62E2-4192-B514-7737531CB0D8} = {5D1C23E2-60D0-463F-9196-39F57C03B1DB}
		{453153FD-44FB-4DF2-AEBB-A8F7377AD3E3} = {FC5BBF72-45AB-45BB-9632-45DEF32EE883}
		{0F293C60-F8F7-4329-A5F4-6C17E2A97DAE} = {5D1C23E2-60D0-463F-9196-39F57C03B1DB}
	EndGlobalSection
EndGlobal
